# This file is autogenerated, do not edit; changes may be undone by the next 'dep ensure'.


[[projects]]
  digest = "1:b117faf01abdbdadd7b8ceeae74cd1369c1b073fef41aee8b674c9d704a54c16"
  name = "github.com/gorilla/handlers"
  packages = ["."]
  pruneopts = "UT"
  revision = "8a3748addc242fc560bd6d4ff28b0374c010b1b4"
  version = "v1.4.2"

[[projects]]
  digest = "1:cbec35fe4d5a4fba369a656a8cd65e244ea2c743007d8f6c1ccb132acf9d1296"
  name = "github.com/gorilla/mux"
  packages = ["."]
  pruneopts = "UT"
  revision = "00bdffe0f3c77e27d2cf6f5c70232a2d3e4d9c15"
  version = "v1.7.3"

[[projects]]
  digest = "1:7fbb40f65374cb64a7bf3f1f74e2cb4c4437d93bc3d8921cf7e3d7ad2ab20989"
  name = "github.com/graphql-go/graphql"
  packages = [
    ".",
    "gqlerrors",
    "language/ast",
    "language/kinds",
    "language/lexer",
    "language/location",
    "language/parser",
    "language/printer",
    "language/source",
    "language/typeInfo",
    "language/visitor",
  ]
  pruneopts = "UT"
  revision = "2b0b7340d2285b861482047fbf5de0488e021bea"
  version = "v0.7.8"

[solve-meta]
  analyzer-name = "dep"
  analyzer-version = 1
  input-imports = [
    "github.com/gorilla/handlers",
    "github.com/gorilla/mux",
    "github.com/graphql-go/graphql",
  ]
  solver-name = "gps-cdcl"
  solver-version = 1
