# This file is autogenerated, do not edit; changes may be undone by the next 'dep ensure'.


[[projects]]
  digest = "1:58c033da727ebd5a6769209e479cac9a6e4dab53c879631af3d8161423099d57"
  name = "github.com/go-chi/chi"
  packages = [
    ".",
    "middleware",
  ]
  pruneopts = "UT"
  revision = "da24bba8dcd4021cafac38724bf10dccc97c3e36"
  version = "v4.0.2"

[[projects]]
  digest = "1:7fbb40f65374cb64a7bf3f1f74e2cb4c4437d93bc3d8921cf7e3d7ad2ab20989"
  name = "github.com/graphql-go/graphql"
  packages = [
    ".",
    "gqlerrors",
    "language/ast",
    "language/kinds",
    "language/lexer",
    "language/location",
    "language/parser",
    "language/printer",
    "language/source",
    "language/typeInfo",
    "language/visitor",
  ]
  pruneopts = "UT"
  revision = "2b0b7340d2285b861482047fbf5de0488e021bea"
  version = "v0.7.8"

[solve-meta]
  analyzer-name = "dep"
  analyzer-version = 1
  input-imports = [
    "github.com/go-chi/chi",
    "github.com/go-chi/chi/middleware",
    "github.com/graphql-go/graphql",
  ]
  solver-name = "gps-cdcl"
  solver-version = 1
